
Microsoft Visual Studio Solution File, Format Version 11.00
# Visual Studio 2010
Project("{FAE04EC0-301F-11D3-BF4B-00C04F79EFBC}") = "Unity.InputSystem", "Unity.InputSystem.csproj", "{91db8956-d42b-1480-7c60-696ae5abd120}"
EndProject
Project("{FAE04EC0-301F-11D3-BF4B-00C04F79EFBC}") = "Unity.XR.CoreUtils.Tests", "Unity.XR.CoreUtils.Tests.csproj", "{8283a7f4-3855-3233-f49a-5e1773a0acf4}"
EndProject
Project("{FAE04EC0-301F-11D3-BF4B-00C04F79EFBC}") = "Unity.XR.CoreUtils", "Unity.XR.CoreUtils.csproj", "{b1457d76-b8b5-11eb-accf-50465b846332}"
EndProject
Project("{FAE04EC0-301F-11D3-BF4B-00C04F79EFBC}") = "Assembly-CSharp", "Assembly-CSharp.csproj", "{c9bf0e05-d736-6ecf-0ab9-87bc6da6f997}"
EndProject
Project("{FAE04EC0-301F-11D3-BF4B-00C04F79EFBC}") = "Unity.InputSystem.IntegrationTests", "Unity.InputSystem.IntegrationTests.csproj", "{39ed9e28-7f98-bfa3-baa8-e14690cba122}"
EndProject
Project("{FAE04EC0-301F-11D3-BF4B-00C04F79EFBC}") = "Unity.InputSystem.TestFramework", "Unity.InputSystem.TestFramework.csproj", "{ece69b33-b6b7-b710-7125-25ba5b6fb8a6}"
EndProject
Project("{FAE04EC0-301F-11D3-BF4B-00C04F79EFBC}") = "Unity.XR.CoreUtils.EditorTests", "Unity.XR.CoreUtils.EditorTests.csproj", "{d28542f0-fb8f-dc02-739b-e9e244088edb}"
EndProject
Project("{FAE04EC0-301F-11D3-BF4B-00C04F79EFBC}") = "Unity.XR.CoreUtils.Editor", "Unity.XR.CoreUtils.Editor.csproj", "{a515c308-3ae4-fc99-d095-90efa94b632f}"
EndProject
Global
	GlobalSection(SolutionConfigurationPlatforms) = preSolution
		Debug|Any CPU = Debug|Any CPU
	EndGlobalSection
	GlobalSection(ProjectConfigurationPlatforms) = postSolution
		{91db8956-d42b-1480-7c60-696ae5abd120}.Debug|Any CPU.ActiveCfg = Debug|Any CPU
		{91db8956-d42b-1480-7c60-696ae5abd120}.Debug|Any CPU.Build.0 = Debug|Any CPU
		{8283a7f4-3855-3233-f49a-5e1773a0acf4}.Debug|Any CPU.ActiveCfg = Debug|Any CPU
		{8283a7f4-3855-3233-f49a-5e1773a0acf4}.Debug|Any CPU.Build.0 = Debug|Any CPU
		{b1457d76-b8b5-11eb-accf-50465b846332}.Debug|Any CPU.ActiveCfg = Debug|Any CPU
		{b1457d76-b8b5-11eb-accf-50465b846332}.Debug|Any CPU.Build.0 = Debug|Any CPU
		{c9bf0e05-d736-6ecf-0ab9-87bc6da6f997}.Debug|Any CPU.ActiveCfg = Debug|Any CPU
		{c9bf0e05-d736-6ecf-0ab9-87bc6da6f997}.Debug|Any CPU.Build.0 = Debug|Any CPU
		{39ed9e28-7f98-bfa3-baa8-e14690cba122}.Debug|Any CPU.ActiveCfg = Debug|Any CPU
		{39ed9e28-7f98-bfa3-baa8-e14690cba122}.Debug|Any CPU.Build.0 = Debug|Any CPU
		{ece69b33-b6b7-b710-7125-25ba5b6fb8a6}.Debug|Any CPU.ActiveCfg = Debug|Any CPU
		{ece69b33-b6b7-b710-7125-25ba5b6fb8a6}.Debug|Any CPU.Build.0 = Debug|Any CPU
		{d28542f0-fb8f-dc02-739b-e9e244088edb}.Debug|Any CPU.ActiveCfg = Debug|Any CPU
		{d28542f0-fb8f-dc02-739b-e9e244088edb}.Debug|Any CPU.Build.0 = Debug|Any CPU
		{a515c308-3ae4-fc99-d095-90efa94b632f}.Debug|Any CPU.ActiveCfg = Debug|Any CPU
		{a515c308-3ae4-fc99-d095-90efa94b632f}.Debug|Any CPU.Build.0 = Debug|Any CPU
	EndGlobalSection
	GlobalSection(SolutionProperties) = preSolution
		HideSolutionNode = FALSE
	EndGlobalSection
EndGlobal
